<?xml version="1.0" encoding="utf-8"?>
<Project ToolsVersion="4.0" xmlns="http://schemas.microsoft.com/developer/msbuild/2003">
  <ItemGroup>
    <ClCompile Include="src\ofApp.cpp">
      <Filter>src</Filter>
    </ClCompile>
    <ClCompile Include="src\main.cpp">
      <Filter>src</Filter>
    </ClCompile>
    <ClCompile Include="..\..\..\..\of_v0.10.1_vs2017_release\addons\ofxGui\src\ofxBaseGui.cpp">
      <Filter>addons\ofxGui\src</Filter>
    </ClCompile>
    <ClCompile Include="..\..\..\..\of_v0.10.1_vs2017_release\addons\ofxGui\src\ofxButton.cpp">
      <Filter>addons\ofxGui\src</Filter>
    </ClCompile>
    <ClCompile Include="..\..\..\..\of_v0.10.1_vs2017_release\addons\ofxGui\src\ofxColorPicker.cpp">
      <Filter>addons\ofxGui\src</Filter>
    </ClCompile>
    <ClCompile Include="..\..\..\..\of_v0.10.1_vs2017_release\addons\ofxGui\src\ofxGuiGroup.cpp">
      <Filter>addons\ofxGui\src</Filter>
    </ClCompile>
    <ClCompile Include="..\..\..\..\of_v0.10.1_vs2017_release\addons\ofxGui\src\ofxInputField.cpp">
      <Filter>addons\ofxGui\src</Filter>
    </ClCompile>
    <ClCompile Include="..\..\..\..\of_v0.10.1_vs2017_release\addons\ofxGui\src\ofxLabel.cpp">
      <Filter>addons\ofxGui\src</Filter>
    </ClCompile>
    <ClCompile Include="..\..\..\..\of_v0.10.1_vs2017_release\addons\ofxGui\src\ofxPanel.cpp">
      <Filter>addons\ofxGui\src</Filter>
    </ClCompile>
    <ClCompile Include="..\..\..\..\of_v0.10.1_vs2017_release\addons\ofxGui\src\ofxSlider.cpp">
      <Filter>addons\ofxGui\src</Filter>
    </ClCompile>
    <ClCompile Include="..\..\..\..\of_v0.10.1_vs2017_release\addons\ofxGui\src\ofxSliderGroup.cpp">
      <Filter>addons\ofxGui\src</Filter>
    </ClCompile>
    <ClCompile Include="..\..\..\..\of_v0.10.1_vs2017_release\addons\ofxGui\src\ofxToggle.cpp">
      <Filter>addons\ofxGui\src</Filter>
    </ClCompile>
    <ClCompile Include="..\..\..\..\of_v0.10.1_vs2017_release\addons\ofxDatGui\src\ofxDatGui.cpp">
      <Filter>addons\ofxDatGui\src</Filter>
    </ClCompile>
    <ClCompile Include="..\..\..\..\of_v0.10.1_vs2017_release\addons\ofxDatGui\src\core\ofxDatGuiComponent.cpp">
      <Filter>addons\ofxDatGui\src\core</Filter>
    </ClCompile>
    <ClCompile Include="..\..\..\..\of_v0.10.1_vs2017_release\addons\ofxDatGui\src\libs\ofxSmartFont\ofxSmartFont.cpp">
      <Filter>addons\ofxDatGui\src\libs\ofxSmartFont</Filter>
    </ClCompile>
    <ClCompile Include="src\vox.cpp">
      <Filter>src</Filter>
    </ClCompile>
  </ItemGroup>
  <ItemGroup>
    <Filter Include="src">
      <UniqueIdentifier>{d8376475-7454-4a24-b08a-aac121d3ad6f}</UniqueIdentifier>
    </Filter>
    <Filter Include="addons">
      <UniqueIdentifier>{cb04dcfa-d06e-4189-909d-bb8ae1141076}</UniqueIdentifier>
    </Filter>
    <Filter Include="addons\ofxGui">
      <UniqueIdentifier>{d8be2ceb-cc84-4d7c-9b29-5eb46d18d3a7}</UniqueIdentifier>
    </Filter>
    <Filter Include="addons\ofxGui\src">
      <UniqueIdentifier>{a7180427-9d26-46e1-b45c-45e23436485e}</UniqueIdentifier>
    </Filter>
    <Filter Include="addons\ofxDatGui">
      <UniqueIdentifier>{1c4b40cf-61f2-46c3-b0ca-03eb73b0e9a1}</UniqueIdentifier>
    </Filter>
    <Filter Include="addons\ofxDatGui\src">
      <UniqueIdentifier>{36ddb331-7da8-41ad-8a78-035c5e6ace1e}</UniqueIdentifier>
    </Filter>
    <Filter Include="addons\ofxDatGui\src\components">
      <UniqueIdentifier>{e995b5f6-6d18-4531-b363-fd94edf08eb6}</UniqueIdentifier>
    </Filter>
    <Filter Include="addons\ofxDatGui\src\core">
      <UniqueIdentifier>{2829d962-d7db-48d5-8c2b-92631f141b8d}</UniqueIdentifier>
    </Filter>
    <Filter Include="addons\ofxDatGui\src\libs">
      <UniqueIdentifier>{c6447d0c-65cd-41e3-9daa-d8cb8a307175}</UniqueIdentifier>
    </Filter>
    <Filter Include="addons\ofxDatGui\src\libs\ofxSmartFont">
      <UniqueIdentifier>{1b9ea6f6-b5ad-44dd-b4b5-9f1c4f126659}</UniqueIdentifier>
    </Filter>
    <Filter Include="addons\ofxDatGui\src\themes">
      <UniqueIdentifier>{7800abec-75d0-4d2f-b3df-d2678194e94a}</UniqueIdentifier>
    </Filter>
  </ItemGroup>
  <ItemGroup>
    <ClInclude Include="src\ofApp.h">
      <Filter>src</Filter>
    </ClInclude>
    <ClInclude Include="..\..\..\..\of_v0.10.1_vs2017_release\addons\ofxGui\src\ofxBaseGui.h">
      <Filter>addons\ofxGui\src</Filter>
    </ClInclude>
    <ClInclude Include="..\..\..\..\of_v0.10.1_vs2017_release\addons\ofxGui\src\ofxButton.h">
      <Filter>addons\ofxGui\src</Filter>
    </ClInclude>
    <ClInclude Include="..\..\..\..\of_v0.10.1_vs2017_release\addons\ofxGui\src\ofxColorPicker.h">
      <Filter>addons\ofxGui\src</Filter>
    </ClInclude>
    <ClInclude Include="..\..\..\..\of_v0.10.1_vs2017_release\addons\ofxGui\src\ofxGui.h">
      <Filter>addons\ofxGui\src</Filter>
    </ClInclude>
    <ClInclude Include="..\..\..\..\of_v0.10.1_vs2017_release\addons\ofxGui\src\ofxGuiGroup.h">
      <Filter>addons\ofxGui\src</Filter>
    </ClInclude>
    <ClInclude Include="..\..\..\..\of_v0.10.1_vs2017_release\addons\ofxGui\src\ofxInputField.h">
      <Filter>addons\ofxGui\src</Filter>
    </ClInclude>
    <ClInclude Include="..\..\..\..\of_v0.10.1_vs2017_release\addons\ofxGui\src\ofxLabel.h">
      <Filter>addons\ofxGui\src</Filter>
    </ClInclude>
    <ClInclude Include="..\..\..\..\of_v0.10.1_vs2017_release\addons\ofxGui\src\ofxPanel.h">
      <Filter>addons\ofxGui\src</Filter>
    </ClInclude>
    <ClInclude Include="..\..\..\..\of_v0.10.1_vs2017_release\addons\ofxGui\src\ofxSlider.h">
      <Filter>addons\ofxGui\src</Filter>
    </ClInclude>
    <ClInclude Include="..\..\..\..\of_v0.10.1_vs2017_release\addons\ofxGui\src\ofxSliderGroup.h">
      <Filter>addons\ofxGui\src</Filter>
    </ClInclude>
    <ClInclude Include="..\..\..\..\of_v0.10.1_vs2017_release\addons\ofxGui\src\ofxToggle.h">
      <Filter>addons\ofxGui\src</Filter>
    </ClInclude>
    <ClInclude Include="..\..\..\..\of_v0.10.1_vs2017_release\addons\ofxDatGui\src\ofxDatGui.h">
      <Filter>addons\ofxDatGui\src</Filter>
    </ClInclude>
    <ClInclude Include="..\..\..\..\of_v0.10.1_vs2017_release\addons\ofxDatGui\src\components\ofxDatGui2dPad.h">
      <Filter>addons\ofxDatGui\src\components</Filter>
    </ClInclude>
    <ClInclude Include="..\..\..\..\of_v0.10.1_vs2017_release\addons\ofxDatGui\src\components\ofxDatGuiButton.h">
      <Filter>addons\ofxDatGui\src\components</Filter>
    </ClInclude>
    <ClInclude Include="..\..\..\..\of_v0.10.1_vs2017_release\addons\ofxDatGui\src\components\ofxDatGuiColorPicker.h">
      <Filter>addons\ofxDatGui\src\components</Filter>
    </ClInclude>
    <ClInclude Include="..\..\..\..\of_v0.10.1_vs2017_release\addons\ofxDatGui\src\components\ofxDatGuiControls.h">
      <Filter>addons\ofxDatGui\src\components</Filter>
    </ClInclude>
    <ClInclude Include="..\..\..\..\of_v0.10.1_vs2017_release\addons\ofxDatGui\src\components\ofxDatGuiFRM.h">
      <Filter>addons\ofxDatGui\src\components</Filter>
    </ClInclude>
    <ClInclude Include="..\..\..\..\of_v0.10.1_vs2017_release\addons\ofxDatGui\src\components\ofxDatGuiGroups.h">
      <Filter>addons\ofxDatGui\src\components</Filter>
    </ClInclude>
    <ClInclude Include="..\..\..\..\of_v0.10.1_vs2017_release\addons\ofxDatGui\src\components\ofxDatGuiLabel.h">
      <Filter>addons\ofxDatGui\src\components</Filter>
    </ClInclude>
    <ClInclude Include="..\..\..\..\of_v0.10.1_vs2017_release\addons\ofxDatGui\src\components\ofxDatGuiMatrix.h">
      <Filter>addons\ofxDatGui\src\components</Filter>
    </ClInclude>
    <ClInclude Include="..\..\..\..\of_v0.10.1_vs2017_release\addons\ofxDatGui\src\components\ofxDatGuiScrollView.h">
      <Filter>addons\ofxDatGui\src\components</Filter>
    </ClInclude>
    <ClInclude Include="..\..\..\..\of_v0.10.1_vs2017_release\addons\ofxDatGui\src\components\ofxDatGuiSlider.h">
      <Filter>addons\ofxDatGui\src\components</Filter>
    </ClInclude>
    <ClInclude Include="..\..\..\..\of_v0.10.1_vs2017_release\addons\ofxDatGui\src\components\ofxDatGuiTextInput.h">
      <Filter>addons\ofxDatGui\src\components</Filter>
    </ClInclude>
    <ClInclude Include="..\..\..\..\of_v0.10.1_vs2017_release\addons\ofxDatGui\src\components\ofxDatGuiTextInputField.h">
      <Filter>addons\ofxDatGui\src\components</Filter>
    </ClInclude>
    <ClInclude Include="..\..\..\..\of_v0.10.1_vs2017_release\addons\ofxDatGui\src\components\ofxDatGuiTimeGraph.h">
      <Filter>addons\ofxDatGui\src\components</Filter>
    </ClInclude>
    <ClInclude Include="..\..\..\..\of_v0.10.1_vs2017_release\addons\ofxDatGui\src\core\ofxDatGuiComponent.h">
      <Filter>addons\ofxDatGui\src\core</Filter>
    </ClInclude>
    <ClInclude Include="..\..\..\..\of_v0.10.1_vs2017_release\addons\ofxDatGui\src\core\ofxDatGuiConstants.h">
      <Filter>addons\ofxDatGui\src\core</Filter>
    </ClInclude>
    <ClInclude Include="..\..\..\..\of_v0.10.1_vs2017_release\addons\ofxDatGui\src\core\ofxDatGuiEvents.h">
      <Filter>addons\ofxDatGui\src\core</Filter>
    </ClInclude>
    <ClInclude Include="..\..\..\..\of_v0.10.1_vs2017_release\addons\ofxDatGui\src\core\ofxDatGuiIntObject.h">
      <Filter>addons\ofxDatGui\src\core</Filter>
    </ClInclude>
    <ClInclude Include="..\..\..\..\of_v0.10.1_vs2017_release\addons\ofxDatGui\src\libs\ofxSmartFont\ofxSmartFont.h">
      <Filter>addons\ofxDatGui\src\libs\ofxSmartFont</Filter>
    </ClInclude>
    <ClInclude Include="..\..\..\..\of_v0.10.1_vs2017_release\addons\ofxDatGui\src\themes\ofxDatGuiTheme.h">
      <Filter>addons\ofxDatGui\src\themes</Filter>
    </ClInclude>
    <ClInclude Include="..\..\..\..\of_v0.10.1_vs2017_release\addons\ofxDatGui\src\themes\ofxDatGuiThemes.h">
      <Filter>addons\ofxDatGui\src\themes</Filter>
    </ClInclude>
    <ClInclude Include="src\vox.h">
      <Filter>src</Filter>
    </ClInclude>
  </ItemGroup>
  <ItemGroup>
    <ResourceCompile Include="icon.rc" />
  </ItemGroup>
</Project>